
Microsoft Visual Studio Solution File, Format Version 12.00
# Visual Studio Version 17
VisualStudioVersion = 17.6.33829.357
MinimumVisualStudioVersion = 10.0.40219.1
Project("{FAE04EC0-301F-11D3-BF4B-00C04F79EFBC}") = "price_scraper", "price_scraper\price_scraper.csproj", "{BFB79B91-A00F-4804-A3AA-428445290213}"
EndProject
Global
	GlobalSection(SolutionConfigurationPlatforms) = preSolution
		Debug|Any CPU = Debug|Any CPU
		Release|Any CPU = Release|Any CPU
	EndGlobalSection
	GlobalSection(ProjectConfigurationPlatforms) = postSolution
		{BFB79B91-A00F-4804-A3AA-428445290213}.Debug|Any CPU.ActiveCfg = Debug|Any CPU
		{BFB79B91-A00F-4804-A3AA-428445290213}.Debug|Any CPU.Build.0 = Debug|Any CPU
		{BFB79B91-A00F-4804-A3AA-428445290213}.Release|Any CPU.ActiveCfg = Release|Any CPU
		{BFB79B91-A00F-4804-A3AA-428445290213}.Release|Any CPU.Build.0 = Release|Any CPU
	EndGlobalSection
	GlobalSection(SolutionProperties) = preSolution
		HideSolutionNode = FALSE
	EndGlobalSection
	GlobalSection(ExtensibilityGlobals) = postSolution
		SolutionGuid = {A38A1695-22CC-4E49-BFCD-B688790BDCCD}
	EndGlobalSection
EndGlobal
